
Microsoft Visual Studio Solution File, Format Version 12.00
# Visual Studio Version 16
VisualStudioVersion = 16.0.30717.126
MinimumVisualStudioVersion = 10.0.40219.1
Project("{FAE04EC0-301F-11D3-BF4B-00C04F79EFBC}") = "DoubleTrouble", "DoubleTrouble\DoubleTrouble.csproj", "{4C34708D-B5ED-44D0-BD81-44E2D20839C8}"
EndProject
Project("{FAE04EC0-301F-11D3-BF4B-00C04F79EFBC}") = "DoubleTrouble.Migrator", "DoubleTrouble.Migrator\DoubleTrouble.Migrator.csproj", "{6483CD9C-8FAF-417B-9756-FCBE1E3733BB}"
EndProject
Global
	GlobalSection(SolutionConfigurationPlatforms) = preSolution
		Debug|Any CPU = Debug|Any CPU
		Release|Any CPU = Release|Any CPU
	EndGlobalSection
	GlobalSection(ProjectConfigurationPlatforms) = postSolution
		{4C34708D-B5ED-44D0-BD81-44E2D20839C8}.Debug|Any CPU.ActiveCfg = Debug|Any CPU
		{4C34708D-B5ED-44D0-BD81-44E2D20839C8}.Debug|Any CPU.Build.0 = Debug|Any CPU
		{4C34708D-B5ED-44D0-BD81-44E2D20839C8}.Release|Any CPU.ActiveCfg = Release|Any CPU
		{4C34708D-B5ED-44D0-BD81-44E2D20839C8}.Release|Any CPU.Build.0 = Release|Any CPU
		{6483CD9C-8FAF-417B-9756-FCBE1E3733BB}.Debug|Any CPU.ActiveCfg = Debug|Any CPU
		{6483CD9C-8FAF-417B-9756-FCBE1E3733BB}.Debug|Any CPU.Build.0 = Debug|Any CPU
		{6483CD9C-8FAF-417B-9756-FCBE1E3733BB}.Release|Any CPU.ActiveCfg = Release|Any CPU
		{6483CD9C-8FAF-417B-9756-FCBE1E3733BB}.Release|Any CPU.Build.0 = Release|Any CPU
	EndGlobalSection
	GlobalSection(SolutionProperties) = preSolution
		HideSolutionNode = FALSE
	EndGlobalSection
	GlobalSection(ExtensibilityGlobals) = postSolution
		SolutionGuid = {009D4F4C-B151-4E15-8664-F974612BA149}
	EndGlobalSection
EndGlobal
